
Microsoft Visual Studio Solution File, Format Version 12.00
# Visual Studio Version 17
VisualStudioVersion = 17.14.37111.16 d17.14
MinimumVisualStudioVersion = 10.0.40219.1
Project("{FAE04EC0-301F-11D3-BF4B-00C04F79EFBC}") = "26311012-KimMinJun-Resume", "26311012-KimMinJun-Resume.csproj", "{723CEFBB-A241-4CC1-BD83-A1590F3EB4EA}"
EndProject
Global
	GlobalSection(SolutionConfigurationPlatforms) = preSolution
		Debug|Any CPU = Debug|Any CPU
		Release|Any CPU = Release|Any CPU
	EndGlobalSection
	GlobalSection(ProjectConfigurationPlatforms) = postSolution
		{723CEFBB-A241-4CC1-BD83-A1590F3EB4EA}.Debug|Any CPU.ActiveCfg = Debug|Any CPU
		{723CEFBB-A241-4CC1-BD83-A1590F3EB4EA}.Debug|Any CPU.Build.0 = Debug|Any CPU
		{723CEFBB-A241-4CC1-BD83-A1590F3EB4EA}.Release|Any CPU.ActiveCfg = Release|Any CPU
		{723CEFBB-A241-4CC1-BD83-A1590F3EB4EA}.Release|Any CPU.Build.0 = Release|Any CPU
	EndGlobalSection
	GlobalSection(SolutionProperties) = preSolution
		HideSolutionNode = FALSE
	EndGlobalSection
	GlobalSection(ExtensibilityGlobals) = postSolution
		SolutionGuid = {338DE4C3-D9EF-4EFF-8196-4AB03CE94FDD}
	EndGlobalSection
EndGlobal
